
Microsoft Visual Studio Solution File, Format Version 12.00
# Visual Studio Version 17
VisualStudioVersion = 17.11.35303.130
MinimumVisualStudioVersion = 10.0.40219.1
Project("{8BC9CEB8-8B4A-11D0-8D11-00A0C91BC942}") = "4.5", "4.5\4.5.vcxproj", "{46DEBAF1-D9D0-42DD-B2FF-717257FA2EFF}"
EndProject
Global
	GlobalSection(SolutionConfigurationPlatforms) = preSolution
		Debug|x64 = Debug|x64
		Debug|x86 = Debug|x86
		Release|x64 = Release|x64
		Release|x86 = Release|x86
	EndGlobalSection
	GlobalSection(ProjectConfigurationPlatforms) = postSolution
		{46DEBAF1-D9D0-42DD-B2FF-717257FA2EFF}.Debug|x64.ActiveCfg = Debug|x64
		{46DEBAF1-D9D0-42DD-B2FF-717257FA2EFF}.Debug|x64.Build.0 = Debug|x64
		{46DEBAF1-D9D0-42DD-B2FF-717257FA2EFF}.Debug|x86.ActiveCfg = Debug|Win32
		{46DEBAF1-D9D0-42DD-B2FF-717257FA2EFF}.Debug|x86.Build.0 = Debug|Win32
		{46DEBAF1-D9D0-42DD-B2FF-717257FA2EFF}.Release|x64.ActiveCfg = Release|x64
		{46DEBAF1-D9D0-42DD-B2FF-717257FA2EFF}.Release|x64.Build.0 = Release|x64
		{46DEBAF1-D9D0-42DD-B2FF-717257FA2EFF}.Release|x86.ActiveCfg = Release|Win32
		{46DEBAF1-D9D0-42DD-B2FF-717257FA2EFF}.Release|x86.Build.0 = Release|Win32
	EndGlobalSection
	GlobalSection(SolutionProperties) = preSolution
		HideSolutionNode = FALSE
	EndGlobalSection
	GlobalSection(ExtensibilityGlobals) = postSolution
		SolutionGuid = {B2A0A0D6-9BB9-4617-9F3C-6AFE458C25B3}
	EndGlobalSection
EndGlobal
